
Microsoft Visual Studio Solution File, Format Version 12.00
# Visual Studio Version 16
VisualStudioVersion = 16.0.31727.386
MinimumVisualStudioVersion = 10.0.40219.1
Project("{9A19103F-16F7-4668-BE54-9A1E7A4F7556}") = "User.API", "User\User.API.csproj", "{3214A758-D257-4C47-BA73-B921B0FFC54C}"
EndProject
Project("{9A19103F-16F7-4668-BE54-9A1E7A4F7556}") = "LoggerService", "LoggerService\LoggerService.csproj", "{96933E62-1642-4E01-AC3E-83E551F37FB7}"
EndProject
Project("{9A19103F-16F7-4668-BE54-9A1E7A4F7556}") = "User.BLL", "User.BLL\User.BLL.csproj", "{F9F32074-8B88-4084-AC50-9F73E2DEC802}"
EndProject
Project("{9A19103F-16F7-4668-BE54-9A1E7A4F7556}") = "User.DAL", "User.DAL\User.DAL.csproj", "{BECBDAE6-8DEA-4291-BEEC-D96A20725B4D}"
EndProject
Project("{2150E333-8FDC-42A3-9474-1A3956D46DE8}") = "Librarries", "Librarries", "{564738F5-2F83-4EC2-B8E1-27E90B30E116}"
EndProject
Global
	GlobalSection(SolutionConfigurationPlatforms) = preSolution
		Debug|Any CPU = Debug|Any CPU
		Release|Any CPU = Release|Any CPU
	EndGlobalSection
	GlobalSection(ProjectConfigurationPlatforms) = postSolution
		{3214A758-D257-4C47-BA73-B921B0FFC54C}.Debug|Any CPU.ActiveCfg = Debug|Any CPU
		{3214A758-D257-4C47-BA73-B921B0FFC54C}.Debug|Any CPU.Build.0 = Debug|Any CPU
		{3214A758-D257-4C47-BA73-B921B0FFC54C}.Release|Any CPU.ActiveCfg = Release|Any CPU
		{3214A758-D257-4C47-BA73-B921B0FFC54C}.Release|Any CPU.Build.0 = Release|Any CPU
		{96933E62-1642-4E01-AC3E-83E551F37FB7}.Debug|Any CPU.ActiveCfg = Debug|Any CPU
		{96933E62-1642-4E01-AC3E-83E551F37FB7}.Debug|Any CPU.Build.0 = Debug|Any CPU
		{96933E62-1642-4E01-AC3E-83E551F37FB7}.Release|Any CPU.ActiveCfg = Release|Any CPU
		{96933E62-1642-4E01-AC3E-83E551F37FB7}.Release|Any CPU.Build.0 = Release|Any CPU
		{F9F32074-8B88-4084-AC50-9F73E2DEC802}.Debug|Any CPU.ActiveCfg = Debug|Any CPU
		{F9F32074-8B88-4084-AC50-9F73E2DEC802}.Debug|Any CPU.Build.0 = Debug|Any CPU
		{F9F32074-8B88-4084-AC50-9F73E2DEC802}.Release|Any CPU.ActiveCfg = Release|Any CPU
		{F9F32074-8B88-4084-AC50-9F73E2DEC802}.Release|Any CPU.Build.0 = Release|Any CPU
		{BECBDAE6-8DEA-4291-BEEC-D96A20725B4D}.Debug|Any CPU.ActiveCfg = Debug|Any CPU
		{BECBDAE6-8DEA-4291-BEEC-D96A20725B4D}.Debug|Any CPU.Build.0 = Debug|Any CPU
		{BECBDAE6-8DEA-4291-BEEC-D96A20725B4D}.Release|Any CPU.ActiveCfg = Release|Any CPU
		{BECBDAE6-8DEA-4291-BEEC-D96A20725B4D}.Release|Any CPU.Build.0 = Release|Any CPU
	EndGlobalSection
	GlobalSection(SolutionProperties) = preSolution
		HideSolutionNode = FALSE
	EndGlobalSection
	GlobalSection(NestedProjects) = preSolution
		{96933E62-1642-4E01-AC3E-83E551F37FB7} = {564738F5-2F83-4EC2-B8E1-27E90B30E116}
	EndGlobalSection
	GlobalSection(ExtensibilityGlobals) = postSolution
		SolutionGuid = {EF5C64A7-16FE-47CF-9909-1A2720BFA3B0}
	EndGlobalSection
EndGlobal
